
Microsoft Visual Studio Solution File, Format Version 12.00
# Visual Studio Version 16
VisualStudioVersion = 16.0.30204.135
MinimumVisualStudioVersion = 10.0.40219.1
Project("{FAE04EC0-301F-11D3-BF4B-00C04F79EFBC}") = "DesafioBahia", "DesafioBahia.csproj", "{2B3F1710-8A7B-49CF-87ED-5DD49A348D80}"
EndProject
Global
	GlobalSection(SolutionConfigurationPlatforms) = preSolution
		Debug|Any CPU = Debug|Any CPU
		Release|Any CPU = Release|Any CPU
	EndGlobalSection
	GlobalSection(ProjectConfigurationPlatforms) = postSolution
		{2B3F1710-8A7B-49CF-87ED-5DD49A348D80}.Debug|Any CPU.ActiveCfg = Debug|Any CPU
		{2B3F1710-8A7B-49CF-87ED-5DD49A348D80}.Debug|Any CPU.Build.0 = Debug|Any CPU
		{2B3F1710-8A7B-49CF-87ED-5DD49A348D80}.Release|Any CPU.ActiveCfg = Release|Any CPU
		{2B3F1710-8A7B-49CF-87ED-5DD49A348D80}.Release|Any CPU.Build.0 = Release|Any CPU
	EndGlobalSection
	GlobalSection(SolutionProperties) = preSolution
		HideSolutionNode = FALSE
	EndGlobalSection
	GlobalSection(ExtensibilityGlobals) = postSolution
		SolutionGuid = {1F4B0714-14C1-45A9-B103-D1E8EAB79346}
	EndGlobalSection
EndGlobal
